
Microsoft Visual Studio Solution File, Format Version 12.00
# Visual Studio 14
VisualStudioVersion = 14.0.25420.1
MinimumVisualStudioVersion = 10.0.40219.1
Project("{FAE04EC0-301F-11D3-BF4B-00C04F79EFBC}") = "EJEMPLO-CSHARP", "EJEMPLO-CSHARP.csproj", "{0F63545E-D847-4424-9A00-0D59A7351E2F}"
EndProject
Global
	GlobalSection(SolutionConfigurationPlatforms) = preSolution
		Debug|Any CPU = Debug|Any CPU
		Release|Any CPU = Release|Any CPU
	EndGlobalSection
	GlobalSection(ProjectConfigurationPlatforms) = postSolution
		{0F63545E-D847-4424-9A00-0D59A7351E2F}.Debug|Any CPU.ActiveCfg = Debug|Any CPU
		{0F63545E-D847-4424-9A00-0D59A7351E2F}.Debug|Any CPU.Build.0 = Debug|Any CPU
		{0F63545E-D847-4424-9A00-0D59A7351E2F}.Release|Any CPU.ActiveCfg = Release|Any CPU
		{0F63545E-D847-4424-9A00-0D59A7351E2F}.Release|Any CPU.Build.0 = Release|Any CPU
	EndGlobalSection
	GlobalSection(SolutionProperties) = preSolution
		HideSolutionNode = FALSE
	EndGlobalSection
EndGlobal
